
Microsoft Visual Studio Solution File, Format Version 12.00
# Visual Studio 15
VisualStudioVersion = 15.0.27703.2035
MinimumVisualStudioVersion = 10.0.40219.1
Project("{8BC9CEB8-8B4A-11D0-8D11-00A0C91BC942}") = "compiler", "compiler\compiler.vcxproj", "{C361F5E3-9C76-44B6-A431-23DF5D928AA2}"
EndProject
Global
	GlobalSection(SolutionConfigurationPlatforms) = preSolution
		Debug|x64 = Debug|x64
		Debug|x86 = Debug|x86
		Release|x64 = Release|x64
		Release|x86 = Release|x86
		Test|x64 = Test|x64
		Test|x86 = Test|x86
	EndGlobalSection
	GlobalSection(ProjectConfigurationPlatforms) = postSolution
		{C361F5E3-9C76-44B6-A431-23DF5D928AA2}.Debug|x64.ActiveCfg = Debug|x64
		{C361F5E3-9C76-44B6-A431-23DF5D928AA2}.Debug|x64.Build.0 = Debug|x64
		{C361F5E3-9C76-44B6-A431-23DF5D928AA2}.Debug|x86.ActiveCfg = Debug|Win32
		{C361F5E3-9C76-44B6-A431-23DF5D928AA2}.Debug|x86.Build.0 = Debug|Win32
		{C361F5E3-9C76-44B6-A431-23DF5D928AA2}.Release|x64.ActiveCfg = Release|x64
		{C361F5E3-9C76-44B6-A431-23DF5D928AA2}.Release|x64.Build.0 = Release|x64
		{C361F5E3-9C76-44B6-A431-23DF5D928AA2}.Release|x86.ActiveCfg = Release|Win32
		{C361F5E3-9C76-44B6-A431-23DF5D928AA2}.Release|x86.Build.0 = Release|Win32
		{C361F5E3-9C76-44B6-A431-23DF5D928AA2}.Test|x64.ActiveCfg = Test|x64
		{C361F5E3-9C76-44B6-A431-23DF5D928AA2}.Test|x64.Build.0 = Test|x64
		{C361F5E3-9C76-44B6-A431-23DF5D928AA2}.Test|x86.ActiveCfg = Release|Win32
		{C361F5E3-9C76-44B6-A431-23DF5D928AA2}.Test|x86.Build.0 = Release|Win32
	EndGlobalSection
	GlobalSection(SolutionProperties) = preSolution
		HideSolutionNode = FALSE
	EndGlobalSection
	GlobalSection(ExtensibilityGlobals) = postSolution
		SolutionGuid = {6585A540-81A5-4475-81D2-CBDB54C17006}
	EndGlobalSection
EndGlobal
