<?xml version="1.0" encoding="utf-8"?>
<Project ToolsVersion="4.0" xmlns="http://schemas.microsoft.com/developer/msbuild/2003">
  <ItemGroup>
    <Filter Include="Source Files">
      <UniqueIdentifier>{4FC737F1-C7A5-4376-A066-2A32D752A2FF}</UniqueIdentifier>
      <Extensions>cpp;c;cc;cxx;def;odl;idl;hpj;bat;asm;asmx</Extensions>
    </Filter>
    <Filter Include="Header Files">
      <UniqueIdentifier>{93995380-89BD-4b04-88EB-625FBE52EBFB}</UniqueIdentifier>
      <Extensions>h;hh;hpp;hxx;hm;inl;inc;ipp;xsd</Extensions>
    </Filter>
    <Filter Include="Resource Files">
      <UniqueIdentifier>{67DA6AB6-F800-4c08-8B7A-83BB121AAD01}</UniqueIdentifier>
      <Extensions>rc;ico;cur;bmp;dlg;rc2;rct;bin;rgs;gif;jpg;jpeg;jpe;resx;tiff;tif;png;wav;mfcribbon-ms</Extensions>
    </Filter>
    <Filter Include="Header Files\ast">
      <UniqueIdentifier>{ca054f8a-d7a7-49e9-9e93-0c4677d632d8}</UniqueIdentifier>
    </Filter>
    <Filter Include="Source Files\ast">
      <UniqueIdentifier>{05bbb495-b232-40b8-bc38-0c3525ba0057}</UniqueIdentifier>
    </Filter>
  </ItemGroup>
  <ItemGroup>
    <ClInclude Include="_global.h">
      <Filter>Header Files</Filter>
    </ClInclude>
    <ClInclude Include="_llvm.h">
      <Filter>Header Files</Filter>
    </ClInclude>
    <ClInclude Include="lexer.h">
      <Filter>Header Files</Filter>
    </ClInclude>
    <ClInclude Include="parser.h">
      <Filter>Header Files</Filter>
    </ClInclude>
    <ClInclude Include="token.h">
      <Filter>Header Files</Filter>
    </ClInclude>
    <ClInclude Include="integer_expr_ast.h">
      <Filter>Header Files\ast</Filter>
    </ClInclude>
    <ClInclude Include="variable_expr_ast.h">
      <Filter>Header Files\ast</Filter>
    </ClInclude>
    <ClInclude Include="binary_expr_ast.h">
      <Filter>Header Files\ast</Filter>
    </ClInclude>
    <ClInclude Include="call_expr_ast.h">
      <Filter>Header Files\ast</Filter>
    </ClInclude>
    <ClInclude Include="expr_ast.h">
      <Filter>Header Files\ast</Filter>
    </ClInclude>
    <ClInclude Include="prototype_expr_ast.h">
      <Filter>Header Files\ast</Filter>
    </ClInclude>
    <ClInclude Include="function_ast.h">
      <Filter>Header Files\ast</Filter>
    </ClInclude>
    <ClInclude Include="_defs.h">
      <Filter>Header Files</Filter>
    </ClInclude>
    <ClInclude Include="pdriver.h">
      <Filter>Header Files</Filter>
    </ClInclude>
    <ClInclude Include="logger.h">
      <Filter>Header Files</Filter>
    </ClInclude>
  </ItemGroup>
  <ItemGroup>
    <ClCompile Include="lexer.cpp">
      <Filter>Source Files</Filter>
    </ClCompile>
    <ClCompile Include="main.cpp">
      <Filter>Source Files</Filter>
    </ClCompile>
    <ClCompile Include="parser.cpp">
      <Filter>Source Files</Filter>
    </ClCompile>
    <ClCompile Include="token.cpp">
      <Filter>Source Files</Filter>
    </ClCompile>
    <ClCompile Include="integer_expr_ast.cpp">
      <Filter>Source Files\ast</Filter>
    </ClCompile>
    <ClCompile Include="variable_expr_ast.cpp">
      <Filter>Source Files\ast</Filter>
    </ClCompile>
    <ClCompile Include="binary_expr_ast.cpp">
      <Filter>Source Files\ast</Filter>
    </ClCompile>
    <ClCompile Include="call_expr_ast.cpp">
      <Filter>Source Files\ast</Filter>
    </ClCompile>
    <ClCompile Include="prototype_expr_ast.cpp">
      <Filter>Source Files\ast</Filter>
    </ClCompile>
    <ClCompile Include="function_ast.cpp">
      <Filter>Source Files\ast</Filter>
    </ClCompile>
    <ClCompile Include="logger.cpp">
      <Filter>Source Files</Filter>
    </ClCompile>
  </ItemGroup>
  <ItemGroup>
    <None Include="test.q">
      <Filter>Resource Files</Filter>
    </None>
    <None Include="packages.config" />
  </ItemGroup>
</Project>